
Microsoft Visual Studio Solution File, Format Version 12.00
# Visual Studio 15
VisualStudioVersion = 15.0.27428.2037
MinimumVisualStudioVersion = 10.0.40219.1
Project("{FAE04EC0-301F-11D3-BF4B-00C04F79EFBC}") = "IntroToDesignPatterns", "IntroToDesignPatterns\IntroToDesignPatterns.csproj", "{96910BF2-C9AB-4AAC-8039-63D69DB81DCD}"
EndProject
Project("{FAE04EC0-301F-11D3-BF4B-00C04F79EFBC}") = "ObserverPattern", "ObserverPattern\ObserverPattern.csproj", "{0369AFDF-9839-423A-8C47-AF0943C2E3FC}"
EndProject
Global
	GlobalSection(SolutionConfigurationPlatforms) = preSolution
		Debug|Any CPU = Debug|Any CPU
		Release|Any CPU = Release|Any CPU
	EndGlobalSection
	GlobalSection(ProjectConfigurationPlatforms) = postSolution
		{96910BF2-C9AB-4AAC-8039-63D69DB81DCD}.Debug|Any CPU.ActiveCfg = Debug|Any CPU
		{96910BF2-C9AB-4AAC-8039-63D69DB81DCD}.Debug|Any CPU.Build.0 = Debug|Any CPU
		{96910BF2-C9AB-4AAC-8039-63D69DB81DCD}.Release|Any CPU.ActiveCfg = Release|Any CPU
		{96910BF2-C9AB-4AAC-8039-63D69DB81DCD}.Release|Any CPU.Build.0 = Release|Any CPU
		{0369AFDF-9839-423A-8C47-AF0943C2E3FC}.Debug|Any CPU.ActiveCfg = Debug|Any CPU
		{0369AFDF-9839-423A-8C47-AF0943C2E3FC}.Debug|Any CPU.Build.0 = Debug|Any CPU
		{0369AFDF-9839-423A-8C47-AF0943C2E3FC}.Release|Any CPU.ActiveCfg = Release|Any CPU
		{0369AFDF-9839-423A-8C47-AF0943C2E3FC}.Release|Any CPU.Build.0 = Release|Any CPU
	EndGlobalSection
	GlobalSection(SolutionProperties) = preSolution
		HideSolutionNode = FALSE
	EndGlobalSection
	GlobalSection(ExtensibilityGlobals) = postSolution
		SolutionGuid = {734F756A-AE43-4D08-B671-83FEB88AF36C}
	EndGlobalSection
EndGlobal
